
Microsoft Visual Studio Solution File, Format Version 12.00
# Visual Studio Version 16
VisualStudioVersion = 16.0.30114.105
MinimumVisualStudioVersion = 10.0.40219.1
Project("{FAE04EC0-301F-11D3-BF4B-00C04F79EFBC}") = "Todo.Web", "Web\Todo.Web.csproj", "{DAAFD3EF-F959-4603-8F97-BB1C7870298A}"
EndProject
Project("{FAE04EC0-301F-11D3-BF4B-00C04F79EFBC}") = "Todo.Logic", "Logic\Todo.Logic.csproj", "{F1D9E2BF-B1AC-43EA-8049-F491E5356676}"
EndProject
Project("{FAE04EC0-301F-11D3-BF4B-00C04F79EFBC}") = "Todo.Tests", "Tests\Todo.Tests.csproj", "{64D0BF29-0D4A-4D21-B757-5EFCE7FF5BCC}"
EndProject
Global
	GlobalSection(SolutionConfigurationPlatforms) = preSolution
		Debug|Any CPU = Debug|Any CPU
		Release|Any CPU = Release|Any CPU
	EndGlobalSection
	GlobalSection(SolutionProperties) = preSolution
		HideSolutionNode = FALSE
	EndGlobalSection
	GlobalSection(ProjectConfigurationPlatforms) = postSolution
		{DAAFD3EF-F959-4603-8F97-BB1C7870298A}.Debug|Any CPU.ActiveCfg = Debug|Any CPU
		{DAAFD3EF-F959-4603-8F97-BB1C7870298A}.Debug|Any CPU.Build.0 = Debug|Any CPU
		{DAAFD3EF-F959-4603-8F97-BB1C7870298A}.Release|Any CPU.ActiveCfg = Release|Any CPU
		{DAAFD3EF-F959-4603-8F97-BB1C7870298A}.Release|Any CPU.Build.0 = Release|Any CPU
		{F1D9E2BF-B1AC-43EA-8049-F491E5356676}.Debug|Any CPU.ActiveCfg = Debug|Any CPU
		{F1D9E2BF-B1AC-43EA-8049-F491E5356676}.Debug|Any CPU.Build.0 = Debug|Any CPU
		{F1D9E2BF-B1AC-43EA-8049-F491E5356676}.Release|Any CPU.ActiveCfg = Release|Any CPU
		{F1D9E2BF-B1AC-43EA-8049-F491E5356676}.Release|Any CPU.Build.0 = Release|Any CPU
		{64D0BF29-0D4A-4D21-B757-5EFCE7FF5BCC}.Debug|Any CPU.ActiveCfg = Debug|Any CPU
		{64D0BF29-0D4A-4D21-B757-5EFCE7FF5BCC}.Debug|Any CPU.Build.0 = Debug|Any CPU
		{64D0BF29-0D4A-4D21-B757-5EFCE7FF5BCC}.Release|Any CPU.ActiveCfg = Release|Any CPU
		{64D0BF29-0D4A-4D21-B757-5EFCE7FF5BCC}.Release|Any CPU.Build.0 = Release|Any CPU
	EndGlobalSection
EndGlobal
